
Microsoft Visual Studio Solution File, Format Version 12.00
# Visual Studio Version 17
VisualStudioVersion = 17.5.33530.505
MinimumVisualStudioVersion = 10.0.40219.1
Project("{FAE04EC0-301F-11D3-BF4B-00C04F79EFBC}") = "dreamClock", "dreamClock.csproj", "{5149EAF3-466E-4F1B-AB6A-632F726187C4}"
EndProject
Project("{FAE04EC0-301F-11D3-BF4B-00C04F79EFBC}") = "dreamClockTests", "..\dreamClockTests\dreamClockTests.csproj", "{FC3F7F35-D3F1-41FD-B661-FC49B744A4FC}"
EndProject
Global
	GlobalSection(SolutionConfigurationPlatforms) = preSolution
		Debug|Any CPU = Debug|Any CPU
		Release|Any CPU = Release|Any CPU
	EndGlobalSection
	GlobalSection(ProjectConfigurationPlatforms) = postSolution
		{5149EAF3-466E-4F1B-AB6A-632F726187C4}.Debug|Any CPU.ActiveCfg = Debug|Any CPU
		{5149EAF3-466E-4F1B-AB6A-632F726187C4}.Debug|Any CPU.Build.0 = Debug|Any CPU
		{5149EAF3-466E-4F1B-AB6A-632F726187C4}.Release|Any CPU.ActiveCfg = Release|Any CPU
		{5149EAF3-466E-4F1B-AB6A-632F726187C4}.Release|Any CPU.Build.0 = Release|Any CPU
		{FC3F7F35-D3F1-41FD-B661-FC49B744A4FC}.Debug|Any CPU.ActiveCfg = Debug|Any CPU
		{FC3F7F35-D3F1-41FD-B661-FC49B744A4FC}.Debug|Any CPU.Build.0 = Debug|Any CPU
		{FC3F7F35-D3F1-41FD-B661-FC49B744A4FC}.Release|Any CPU.ActiveCfg = Release|Any CPU
		{FC3F7F35-D3F1-41FD-B661-FC49B744A4FC}.Release|Any CPU.Build.0 = Release|Any CPU
	EndGlobalSection
	GlobalSection(SolutionProperties) = preSolution
		HideSolutionNode = FALSE
	EndGlobalSection
	GlobalSection(ExtensibilityGlobals) = postSolution
		SolutionGuid = {82CACF7C-6EE6-4049-8555-EDCAAEE16434}
	EndGlobalSection
EndGlobal
